
Microsoft Visual Studio Solution File, Format Version 11.00
# Visual Studio 2010
Project("{FAE04EC0-301F-11D3-BF4B-00C04F79EFBC}") = "Assembly-CSharp-firstpass", "Assembly-CSharp-firstpass.csproj", "{5580EB5D-10A6-E50C-5BB0-84495AD3C35F}"
EndProject
Project("{FAE04EC0-301F-11D3-BF4B-00C04F79EFBC}") = "Assembly-CSharp", "Assembly-CSharp.csproj", "{051DB802-A14B-406C-918B-4C756444B2C1}"
EndProject
Project("{FAE04EC0-301F-11D3-BF4B-00C04F79EFBC}") = "Assembly-CSharp-Editor-firstpass", "Assembly-CSharp-Editor-firstpass.csproj", "{088E765A-99F9-59E8-062E-2B0B27AADD49}"
EndProject
Global
	GlobalSection(SolutionConfigurationPlatforms) = preSolution
		Debug|Any CPU = Debug|Any CPU
		Release|Any CPU = Release|Any CPU
	EndGlobalSection
	GlobalSection(ProjectConfigurationPlatforms) = postSolution
		{5580EB5D-10A6-E50C-5BB0-84495AD3C35F}.Debug|Any CPU.ActiveCfg = Debug|Any CPU
		{5580EB5D-10A6-E50C-5BB0-84495AD3C35F}.Debug|Any CPU.Build.0 = Debug|Any CPU
		{5580EB5D-10A6-E50C-5BB0-84495AD3C35F}.Release|Any CPU.ActiveCfg = Release|Any CPU
		{5580EB5D-10A6-E50C-5BB0-84495AD3C35F}.Release|Any CPU.Build.0 = Release|Any CPU
		{051DB802-A14B-406C-918B-4C756444B2C1}.Debug|Any CPU.ActiveCfg = Debug|Any CPU
		{051DB802-A14B-406C-918B-4C756444B2C1}.Debug|Any CPU.Build.0 = Debug|Any CPU
		{051DB802-A14B-406C-918B-4C756444B2C1}.Release|Any CPU.ActiveCfg = Release|Any CPU
		{051DB802-A14B-406C-918B-4C756444B2C1}.Release|Any CPU.Build.0 = Release|Any CPU
		{088E765A-99F9-59E8-062E-2B0B27AADD49}.Debug|Any CPU.ActiveCfg = Debug|Any CPU
		{088E765A-99F9-59E8-062E-2B0B27AADD49}.Debug|Any CPU.Build.0 = Debug|Any CPU
		{088E765A-99F9-59E8-062E-2B0B27AADD49}.Release|Any CPU.ActiveCfg = Release|Any CPU
		{088E765A-99F9-59E8-062E-2B0B27AADD49}.Release|Any CPU.Build.0 = Release|Any CPU
	EndGlobalSection
	GlobalSection(SolutionProperties) = preSolution
		HideSolutionNode = FALSE
	EndGlobalSection
EndGlobal
